// !$*UTF8*$!
{
	archiveVersion = 1;
	classes = {
	};
	objectVersion = 48;
	objects = {

/* Begin PBXBuildFile section */
		F10115AF20812FB7003EBC49 /* main.m in Sources */ = {isa = PBXBuildFile; fileRef = F10115AE20812FB7003EBC49 /* main.m */; };
		F10115B7208131BC003EBC49 /* PaymentGateway.m in Sources */ = {isa = PBXBuildFile; fileRef = F10115B6208131BC003EBC49 /* PaymentGateway.m */; };
		F1EA95A02081331B00F231F8 /* PaypalPaymentService.m in Sources */ = {isa = PBXBuildFile; fileRef = F1EA959F2081331B00F231F8 /* PaypalPaymentService.m */; };
		F1EA95A32081332500F231F8 /* StripePaymentService.m in Sources */ = {isa = PBXBuildFile; fileRef = F1EA95A22081332500F231F8 /* StripePaymentService.m */; };
		F1EA95A62081332E00F231F8 /* AmazonPaymentService.m in Sources */ = {isa = PBXBuildFile; fileRef = F1EA95A52081332E00F231F8 /* AmazonPaymentService.m */; };
/* End PBXBuildFile section */

/* Begin PBXCopyFilesBuildPhase section */
		F10115A920812FB7003EBC49 /* CopyFiles */ = {
			isa = PBXCopyFilesBuildPhase;
			buildActionMask = 2147483647;
			dstPath = /usr/share/man/man1/;
			dstSubfolderSpec = 0;
			files = (
			);
			runOnlyForDeploymentPostprocessing = 1;
		};
/* End PBXCopyFilesBuildPhase section */

/* Begin PBXFileReference section */
		F10115AB20812FB7003EBC49 /* PaymentsCalculatorApp */ = {isa = PBXFileReference; explicitFileType = "compiled.mach-o.executable"; includeInIndex = 0; path = PaymentsCalculatorApp; sourceTree = BUILT_PRODUCTS_DIR; };
		F10115AE20812FB7003EBC49 /* main.m */ = {isa = PBXFileReference; lastKnownFileType = sourcecode.c.objc; path = main.m; sourceTree = "<group>"; };
		F10115B5208131BC003EBC49 /* PaymentGateway.h */ = {isa = PBXFileReference; lastKnownFileType = sourcecode.c.h; path = PaymentGateway.h; sourceTree = "<group>"; };
		F10115B6208131BC003EBC49 /* PaymentGateway.m */ = {isa = PBXFileReference; lastKnownFileType = sourcecode.c.objc; path = PaymentGateway.m; sourceTree = "<group>"; };
		F1EA959E2081331B00F231F8 /* PaypalPaymentService.h */ = {isa = PBXFileReference; lastKnownFileType = sourcecode.c.h; path = PaypalPaymentService.h; sourceTree = "<group>"; };
		F1EA959F2081331B00F231F8 /* PaypalPaymentService.m */ = {isa = PBXFileReference; lastKnownFileType = sourcecode.c.objc; path = PaypalPaymentService.m; sourceTree = "<group>"; };
		F1EA95A12081332500F231F8 /* StripePaymentService.h */ = {isa = PBXFileReference; lastKnownFileType = sourcecode.c.h; path = StripePaymentService.h; sourceTree = "<group>"; };
		F1EA95A22081332500F231F8 /* StripePaymentService.m */ = {isa = PBXFileReference; lastKnownFileType = sourcecode.c.objc; path = StripePaymentService.m; sourceTree = "<group>"; };
		F1EA95A42081332E00F231F8 /* AmazonPaymentService.h */ = {isa = PBXFileReference; lastKnownFileType = sourcecode.c.h; path = AmazonPaymentService.h; sourceTree = "<group>"; };
		F1EA95A52081332E00F231F8 /* AmazonPaymentService.m */ = {isa = PBXFileReference; lastKnownFileType = sourcecode.c.objc; path = AmazonPaymentService.m; sourceTree = "<group>"; };
/* End PBXFileReference section */

/* Begin PBXFrameworksBuildPhase section */
		F10115A820812FB7003EBC49 /* Frameworks */ = {
			isa = PBXFrameworksBuildPhase;
			buildActionMask = 2147483647;
			files = (
			);
			runOnlyForDeploymentPostprocessing = 0;
		};
/* End PBXFrameworksBuildPhase section */

/* Begin PBXGroup section */
		F10115A220812FB7003EBC49 = {
			isa = PBXGroup;
			children = (
				F10115AD20812FB7003EBC49 /* PaymentsCalculatorApp */,
				F10115AC20812FB7003EBC49 /* Products */,
			);
			sourceTree = "<group>";
		};
		F10115AC20812FB7003EBC49 /* Products */ = {
			isa = PBXGroup;
			children = (
				F10115AB20812FB7003EBC49 /* PaymentsCalculatorApp */,
			);
			name = Products;
			sourceTree = "<group>";
		};
		F10115AD20812FB7003EBC49 /* PaymentsCalculatorApp */ = {
			isa = PBXGroup;
			children = (
				F10115AE20812FB7003EBC49 /* main.m */,
				F10115B5208131BC003EBC49 /* PaymentGateway.h */,
				F10115B6208131BC003EBC49 /* PaymentGateway.m */,
				F1EA959E2081331B00F231F8 /* PaypalPaymentService.h */,
				F1EA959F2081331B00F231F8 /* PaypalPaymentService.m */,
				F1EA95A12081332500F231F8 /* StripePaymentService.h */,
				F1EA95A22081332500F231F8 /* StripePaymentService.m */,
				F1EA95A42081332E00F231F8 /* AmazonPaymentService.h */,
				F1EA95A52081332E00F231F8 /* AmazonPaymentService.m */,
			);
			path = PaymentsCalculatorApp;
			sourceTree = "<group>";
		};
/* End PBXGroup section */

/* Begin PBXNativeTarget section */
		F10115AA20812FB7003EBC49 /* PaymentsCalculatorApp */ = {
			isa = PBXNativeTarget;
			buildConfigurationList = F10115B220812FB7003EBC49 /* Build configuration list for PBXNativeTarget "PaymentsCalculatorApp" */;
			buildPhases = (
				F10115A720812FB7003EBC49 /* Sources */,
				F10115A820812FB7003EBC49 /* Frameworks */,
				F10115A920812FB7003EBC49 /* CopyFiles */,
			);
			buildRules = (
			);
			dependencies = (
			);
			name = PaymentsCalculatorApp;
			productName = PaymentsCalculatorApp;
			productReference = F10115AB20812FB7003EBC49 /* PaymentsCalculatorApp */;
			productType = "com.apple.product-type.tool";
		};
/* End PBXNativeTarget section */

/* Begin PBXProject section */
		F10115A320812FB7003EBC49 /* Project object */ = {
			isa = PBXProject;
			attributes = {
				LastUpgradeCheck = 0920;
				ORGANIZATIONNAME = "Raman Singh";
				TargetAttributes = {
					F10115AA20812FB7003EBC49 = {
						CreatedOnToolsVersion = 9.2;
						ProvisioningStyle = Automatic;
					};
				};
			};
			buildConfigurationList = F10115A620812FB7003EBC49 /* Build configuration list for PBXProject "PaymentsCalculatorApp" */;
			compatibilityVersion = "Xcode 8.0";
			developmentRegion = en;
			hasScannedForEncodings = 0;
			knownRegions = (
				en,
			);
			mainGroup = F10115A220812FB7003EBC49;
			productRefGroup = F10115AC20812FB7003EBC49 /* Products */;
			projectDirPath = "";
			projectRoot = "";
			targets = (
				F10115AA20812FB7003EBC49 /* PaymentsCalculatorApp */,
			);
		};
/* End PBXProject section */

/* Begin PBXSourcesBuildPhase section */
		F10115A720812FB7003EBC49 /* Sources */ = {
			isa = PBXSourcesBuildPhase;
			buildActionMask = 2147483647;
			files = (
				F10115AF20812FB7003EBC49 /* main.m in Sources */,
				F1EA95A62081332E00F231F8 /* AmazonPaymentService.m in Sources */,
				F10115B7208131BC003EBC49 /* PaymentGateway.m in Sources */,
				F1EA95A02081331B00F231F8 /* PaypalPaymentService.m in Sources */,
				F1EA95A32081332500F231F8 /* StripePaymentService.m in Sources */,
			);
			runOnlyForDeploymentPostprocessing = 0;
		};
/* End PBXSourcesBuildPhase section */

/* Begin XCBuildConfiguration section */
		F10115B020812FB7003EBC49 /* Debug */ = {
			isa = XCBuildConfiguration;
			buildSettings = {
				ALWAYS_SEARCH_USER_PATHS = NO;
				CLANG_ANALYZER_NONNULL = YES;
				CLANG_ANALYZER_NUMBER_OBJECT_CONVERSION = YES_AGGRESSIVE;
				CLANG_CXX_LANGUAGE_STANDARD = "gnu++14";
				CLANG_CXX_LIBRARY = "libc++";
				CLANG_ENABLE_MODULES = YES;
				CLANG_ENABLE_OBJC_ARC = YES;
				CLANG_WARN_BLOCK_CAPTURE_AUTORELEASING = YES;
				CLANG_WARN_BOOL_CONVERSION = YES;
				CLANG_WARN_COMMA = YES;
				CLANG_WARN_CONSTANT_CONVERSION = YES;
				CLANG_WARN_DIRECT_OBJC_ISA_USAGE = YES_ERROR;
				CLANG_WARN_DOCUMENTATION_COMMENTS = YES;
				CLANG_WARN_EMPTY_BODY = YES;
				CLANG_WARN_ENUM_CONVERSION = YES;
				CLANG_WARN_INFINITE_RECURSION = YES;
				CLANG_WARN_INT_CONVERSION = YES;
				CLANG_WARN_NON_LITERAL_NULL_CONVERSION = YES;
				CLANG_WARN_OBJC_LITERAL_CONVERSION = YES;
				CLANG_WARN_OBJC_ROOT_CLASS = YES_ERROR;
				CLANG_WARN_RANGE_LOOP_ANALYSIS = YES;
				CLANG_WARN_STRICT_PROTOTYPES = YES;
				CLANG_WARN_SUSPICIOUS_MOVE = YES;
				CLANG_WARN_UNGUARDED_AVAILABILITY = YES_AGGRESSIVE;
				CLANG_WARN_UNREACHABLE_CODE = YES;
				CLANG_WARN__DUPLICATE_METHOD_MATCH = YES;
				CODE_SIGN_IDENTITY = "Mac Developer";
				COPY_PHASE_STRIP = NO;
				DEBUG_INFORMATION_FORMAT = dwarf;
				ENABLE_STRICT_OBJC_MSGSEND = YES;
				ENABLE_TESTABILITY = YES;
				GCC_C_LANGUAGE_STANDARD = gnu11;
				GCC_DYNAMIC_NO_PIC = NO;
				GCC_NO_COMMON_BLOCKS = YES;
				GCC_OPTIMIZATION_LEVEL = 0;
				GCC_PREPROCESSOR_DEFINITIONS = (
					"DEBUG=1",
					"$(inherited)",
				);
				GCC_WARN_64_TO_32_BIT_CONVERSION = YES;
				GCC_WARN_ABOUT_RETURN_TYPE = YES_ERROR;
				GCC_WARN_UNDECLARED_SELECTOR = YES;
				GCC_WARN_UNINITIALIZED_AUTOS = YES_AGGRESSIVE;
				GCC_WARN_UNUSED_FUNCTION = YES;
				GCC_WARN_UNUSED_VARIABLE = YES;
				MACOSX_DEPLOYMENT_TARGET = 10.13;
				MTL_ENABLE_DEBUG_INFO = YES;
				ONLY_ACTIVE_ARCH = YES;
				SDKROOT = macosx;
			};
			name = Debug;
		};
		F10115B120812FB7003EBC49 /* Release */ = {
			isa = XCBuildConfiguration;
			buildSettings = {
				ALWAYS_SEARCH_USER_PATHS = NO;
				CLANG_ANALYZER_NONNULL = YES;
				CLANG_ANALYZER_NUMBER_OBJECT_CONVERSION = YES_AGGRESSIVE;
				CLANG_CXX_LANGUAGE_STANDARD = "gnu++14";
				CLANG_CXX_LIBRARY = "libc++";
				CLANG_ENABLE_MODULES = YES;
				CLANG_ENABLE_OBJC_ARC = YES;
				CLANG_WARN_BLOCK_CAPTURE_AUTORELEASING = YES;
				CLANG_WARN_BOOL_CONVERSION = YES;
				CLANG_WARN_COMMA = YES;
				CLANG_WARN_CONSTANT_CONVERSION = YES;
				CLANG_WARN_DIRECT_OBJC_ISA_USAGE = YES_ERROR;
				CLANG_WARN_DOCUMENTATION_COMMENTS = YES;
				CLANG_WARN_EMPTY_BODY = YES;
				CLANG_WARN_ENUM_CONVERSION = YES;
				CLANG_WARN_INFINITE_RECURSION = YES;
				CLANG_WARN_INT_CONVERSION = YES;
				CLANG_WARN_NON_LITERAL_NULL_CONVERSION = YES;
				CLANG_WARN_OBJC_LITERAL_CONVERSION = YES;
				CLANG_WARN_OBJC_ROOT_CLASS = YES_ERROR;
				CLANG_WARN_RANGE_LOOP_ANALYSIS = YES;
				CLANG_WARN_STRICT_PROTOTYPES = YES;
				CLANG_WARN_SUSPICIOUS_MOVE = YES;
				CLANG_WARN_UNGUARDED_AVAILABILITY = YES_AGGRESSIVE;
				CLANG_WARN_UNREACHABLE_CODE = YES;
				CLANG_WARN__DUPLICATE_METHOD_MATCH = YES;
				CODE_SIGN_IDENTITY = "Mac Developer";
				COPY_PHASE_STRIP = NO;
				DEBUG_INFORMATION_FORMAT = "dwarf-with-dsym";
				ENABLE_NS_ASSERTIONS = NO;
				ENABLE_STRICT_OBJC_MSGSEND = YES;
				GCC_C_LANGUAGE_STANDARD = gnu11;
				GCC_NO_COMMON_BLOCKS = YES;
				GCC_WARN_64_TO_32_BIT_CONVERSION = YES;
				GCC_WARN_ABOUT_RETURN_TYPE = YES_ERROR;
				GCC_WARN_UNDECLARED_SELECTOR = YES;
				GCC_WARN_UNINITIALIZED_AUTOS = YES_AGGRESSIVE;
				GCC_WARN_UNUSED_FUNCTION = YES;
				GCC_WARN_UNUSED_VARIABLE = YES;
				MACOSX_DEPLOYMENT_TARGET = 10.13;
				MTL_ENABLE_DEBUG_INFO = NO;
				SDKROOT = macosx;
			};
			name = Release;
		};
		F10115B320812FB7003EBC49 /* Debug */ = {
			isa = XCBuildConfiguration;
			buildSettings = {
				CODE_SIGN_STYLE = Automatic;
				DEVELOPMENT_TEAM = UE52HE9BWK;
				PRODUCT_NAME = "$(TARGET_NAME)";
			};
			name = Debug;
		};
		F10115B420812FB7003EBC49 /* Release */ = {
			isa = XCBuildConfiguration;
			buildSettings = {
				CODE_SIGN_STYLE = Automatic;
				DEVELOPMENT_TEAM = UE52HE9BWK;
				PRODUCT_NAME = "$(TARGET_NAME)";
			};
			name = Release;
		};
/* End XCBuildConfiguration section */

/* Begin XCConfigurationList section */
		F10115A620812FB7003EBC49 /* Build configuration list for PBXProject "PaymentsCalculatorApp" */ = {
			isa = XCConfigurationList;
			buildConfigurations = (
				F10115B020812FB7003EBC49 /* Debug */,
				F10115B120812FB7003EBC49 /* Release */,
			);
			defaultConfigurationIsVisible = 0;
			defaultConfigurationName = Release;
		};
		F10115B220812FB7003EBC49 /* Build configuration list for PBXNativeTarget "PaymentsCalculatorApp" */ = {
			isa = XCConfigurationList;
			buildConfigurations = (
				F10115B320812FB7003EBC49 /* Debug */,
				F10115B420812FB7003EBC49 /* Release */,
			);
			defaultConfigurationIsVisible = 0;
			defaultConfigurationName = Release;
		};
/* End XCConfigurationList section */
	};
	rootObject = F10115A320812FB7003EBC49 /* Project object */;
}
